
Microsoft Visual Studio Solution File, Format Version 12.00
# Visual Studio 15
VisualStudioVersion = 15.0.26730.15
MinimumVisualStudioVersion = 10.0.40219.1
Project("{FAE04EC0-301F-11D3-BF4B-00C04F79EFBC}") = "Apina", "Apina\Apina.csproj", "{13A6F1B6-5D80-440D-96FB-993376CF63EE}"
EndProject
Global
	GlobalSection(SolutionConfigurationPlatforms) = preSolution
		Debug|Any CPU = Debug|Any CPU
		Release|Any CPU = Release|Any CPU
	EndGlobalSection
	GlobalSection(ProjectConfigurationPlatforms) = postSolution
		{13A6F1B6-5D80-440D-96FB-993376CF63EE}.Debug|Any CPU.ActiveCfg = Debug|Any CPU
		{13A6F1B6-5D80-440D-96FB-993376CF63EE}.Debug|Any CPU.Build.0 = Debug|Any CPU
		{13A6F1B6-5D80-440D-96FB-993376CF63EE}.Release|Any CPU.ActiveCfg = Release|Any CPU
		{13A6F1B6-5D80-440D-96FB-993376CF63EE}.Release|Any CPU.Build.0 = Release|Any CPU
	EndGlobalSection
	GlobalSection(SolutionProperties) = preSolution
		HideSolutionNode = FALSE
	EndGlobalSection
	GlobalSection(ExtensibilityGlobals) = postSolution
		SolutionGuid = {EAFF30AB-2205-4BCA-9DB9-EB24738B03AA}
	EndGlobalSection
EndGlobal
